// !$*UTF8*$!
{
	archiveVersion = 1;
	classes = {
	};
	objectVersion = 50;
	objects = {

/* Begin PBXBuildFile section */
		0318388C212B6082001B630A /* VC_EndGame.swift in Sources */ = {isa = PBXBuildFile; fileRef = 0318388B212B6082001B630A /* VC_EndGame.swift */; };
		0333B4802129A60800E33F47 /* VC_Level1.swift in Sources */ = {isa = PBXBuildFile; fileRef = 0333B47F2129A60800E33F47 /* VC_Level1.swift */; };
		0333B4822129B1E100E33F47 /* VC_Level2.swift in Sources */ = {isa = PBXBuildFile; fileRef = 0333B4812129B1E100E33F47 /* VC_Level2.swift */; };
		0333B4842129B1F300E33F47 /* VC_Level3.swift in Sources */ = {isa = PBXBuildFile; fileRef = 0333B4832129B1F300E33F47 /* VC_Level3.swift */; };
		0333B4862129B20600E33F47 /* VC_Level4.swift in Sources */ = {isa = PBXBuildFile; fileRef = 0333B4852129B20600E33F47 /* VC_Level4.swift */; };
		0333B4882129B26800E33F47 /* VC_Level5_6.swift in Sources */ = {isa = PBXBuildFile; fileRef = 0333B4872129B26800E33F47 /* VC_Level5_6.swift */; };
		0333B48A2129B28200E33F47 /* VC_Level7_8.swift in Sources */ = {isa = PBXBuildFile; fileRef = 0333B4892129B28200E33F47 /* VC_Level7_8.swift */; };
		0333B48C2129B29300E33F47 /* VC_Level9_10.swift in Sources */ = {isa = PBXBuildFile; fileRef = 0333B48B2129B29300E33F47 /* VC_Level9_10.swift */; };
		0333B48E2129B2A500E33F47 /* VC_Level11_12.swift in Sources */ = {isa = PBXBuildFile; fileRef = 0333B48D2129B2A500E33F47 /* VC_Level11_12.swift */; };
		03DBB2BE2127196200EF23EB /* VC_PreGame.swift in Sources */ = {isa = PBXBuildFile; fileRef = 03DBB2BD2127196200EF23EB /* VC_PreGame.swift */; };
		03E3CFF72128C9E700D16C54 /* Emoji.xcdatamodeld in Sources */ = {isa = PBXBuildFile; fileRef = 03E3CFF52128C9E700D16C54 /* Emoji.xcdatamodeld */; };
		03EE68AC2125C8CD00555845 /* AppDelegate.swift in Sources */ = {isa = PBXBuildFile; fileRef = 03EE68AB2125C8CD00555845 /* AppDelegate.swift */; };
		03EE68AE2125C8CD00555845 /* ViewController.swift in Sources */ = {isa = PBXBuildFile; fileRef = 03EE68AD2125C8CD00555845 /* ViewController.swift */; };
		03EE68B12125C8CD00555845 /* Main.storyboard in Resources */ = {isa = PBXBuildFile; fileRef = 03EE68AF2125C8CD00555845 /* Main.storyboard */; };
		03EE68B32125C8CF00555845 /* Assets.xcassets in Resources */ = {isa = PBXBuildFile; fileRef = 03EE68B22125C8CF00555845 /* Assets.xcassets */; };
		03EE68B62125C8CF00555845 /* LaunchScreen.storyboard in Resources */ = {isa = PBXBuildFile; fileRef = 03EE68B42125C8CF00555845 /* LaunchScreen.storyboard */; };
		03FD08B521265DA000ABE6B2 /* VC_About.swift in Sources */ = {isa = PBXBuildFile; fileRef = 03FD08B421265DA000ABE6B2 /* VC_About.swift */; };
/* End PBXBuildFile section */

/* Begin PBXFileReference section */
		0318388B212B6082001B630A /* VC_EndGame.swift */ = {isa = PBXFileReference; lastKnownFileType = sourcecode.swift; path = VC_EndGame.swift; sourceTree = "<group>"; };
		0333B47F2129A60800E33F47 /* VC_Level1.swift */ = {isa = PBXFileReference; lastKnownFileType = sourcecode.swift; path = VC_Level1.swift; sourceTree = "<group>"; };
		0333B4812129B1E100E33F47 /* VC_Level2.swift */ = {isa = PBXFileReference; lastKnownFileType = sourcecode.swift; path = VC_Level2.swift; sourceTree = "<group>"; };
		0333B4832129B1F300E33F47 /* VC_Level3.swift */ = {isa = PBXFileReference; lastKnownFileType = sourcecode.swift; path = VC_Level3.swift; sourceTree = "<group>"; };
		0333B4852129B20600E33F47 /* VC_Level4.swift */ = {isa = PBXFileReference; lastKnownFileType = sourcecode.swift; path = VC_Level4.swift; sourceTree = "<group>"; };
		0333B4872129B26800E33F47 /* VC_Level5_6.swift */ = {isa = PBXFileReference; lastKnownFileType = sourcecode.swift; path = VC_Level5_6.swift; sourceTree = "<group>"; };
		0333B4892129B28200E33F47 /* VC_Level7_8.swift */ = {isa = PBXFileReference; lastKnownFileType = sourcecode.swift; path = VC_Level7_8.swift; sourceTree = "<group>"; };
		0333B48B2129B29300E33F47 /* VC_Level9_10.swift */ = {isa = PBXFileReference; lastKnownFileType = sourcecode.swift; path = VC_Level9_10.swift; sourceTree = "<group>"; };
		0333B48D2129B2A500E33F47 /* VC_Level11_12.swift */ = {isa = PBXFileReference; lastKnownFileType = sourcecode.swift; path = VC_Level11_12.swift; sourceTree = "<group>"; };
		03DBB2BD2127196200EF23EB /* VC_PreGame.swift */ = {isa = PBXFileReference; lastKnownFileType = sourcecode.swift; path = VC_PreGame.swift; sourceTree = "<group>"; };
		03E3CFF62128C9E700D16C54 /* Emoji.xcdatamodel */ = {isa = PBXFileReference; lastKnownFileType = wrapper.xcdatamodel; path = Emoji.xcdatamodel; sourceTree = "<group>"; };
		03EE68A82125C8CD00555845 /* Emoji.app */ = {isa = PBXFileReference; explicitFileType = wrapper.application; includeInIndex = 0; path = Emoji.app; sourceTree = BUILT_PRODUCTS_DIR; };
		03EE68AB2125C8CD00555845 /* AppDelegate.swift */ = {isa = PBXFileReference; lastKnownFileType = sourcecode.swift; path = AppDelegate.swift; sourceTree = "<group>"; };
		03EE68AD2125C8CD00555845 /* ViewController.swift */ = {isa = PBXFileReference; lastKnownFileType = sourcecode.swift; path = ViewController.swift; sourceTree = "<group>"; };
		03EE68B02125C8CD00555845 /* Base */ = {isa = PBXFileReference; lastKnownFileType = file.storyboard; name = Base; path = Base.lproj/Main.storyboard; sourceTree = "<group>"; };
		03EE68B22125C8CF00555845 /* Assets.xcassets */ = {isa = PBXFileReference; lastKnownFileType = folder.assetcatalog; path = Assets.xcassets; sourceTree = "<group>"; };
		03EE68B52125C8CF00555845 /* Base */ = {isa = PBXFileReference; lastKnownFileType = file.storyboard; name = Base; path = Base.lproj/LaunchScreen.storyboard; sourceTree = "<group>"; };
		03EE68B72125C8CF00555845 /* Info.plist */ = {isa = PBXFileReference; lastKnownFileType = text.plist.xml; path = Info.plist; sourceTree = "<group>"; };
		03FD08B421265DA000ABE6B2 /* VC_About.swift */ = {isa = PBXFileReference; lastKnownFileType = sourcecode.swift; path = VC_About.swift; sourceTree = "<group>"; };
/* End PBXFileReference section */

/* Begin PBXFrameworksBuildPhase section */
		03EE68A52125C8CD00555845 /* Frameworks */ = {
			isa = PBXFrameworksBuildPhase;
			buildActionMask = 2147483647;
			files = (
			);
			runOnlyForDeploymentPostprocessing = 0;
		};
/* End PBXFrameworksBuildPhase section */

/* Begin PBXGroup section */
		03EE689F2125C8CD00555845 = {
			isa = PBXGroup;
			children = (
				03EE68AA2125C8CD00555845 /* Emoji */,
				03EE68A92125C8CD00555845 /* Products */,
			);
			sourceTree = "<group>";
		};
		03EE68A92125C8CD00555845 /* Products */ = {
			isa = PBXGroup;
			children = (
				03EE68A82125C8CD00555845 /* Emoji.app */,
			);
			name = Products;
			sourceTree = "<group>";
		};
		03EE68AA2125C8CD00555845 /* Emoji */ = {
			isa = PBXGroup;
			children = (
				03EE68AB2125C8CD00555845 /* AppDelegate.swift */,
				03EE68AD2125C8CD00555845 /* ViewController.swift */,
				03EE68AF2125C8CD00555845 /* Main.storyboard */,
				03EE68B22125C8CF00555845 /* Assets.xcassets */,
				03E3CFF52128C9E700D16C54 /* Emoji.xcdatamodeld */,
				03FD08B421265DA000ABE6B2 /* VC_About.swift */,
				03DBB2BD2127196200EF23EB /* VC_PreGame.swift */,
				0318388B212B6082001B630A /* VC_EndGame.swift */,
				0333B47F2129A60800E33F47 /* VC_Level1.swift */,
				0333B4812129B1E100E33F47 /* VC_Level2.swift */,
				0333B4832129B1F300E33F47 /* VC_Level3.swift */,
				0333B4852129B20600E33F47 /* VC_Level4.swift */,
				0333B4872129B26800E33F47 /* VC_Level5_6.swift */,
				0333B4892129B28200E33F47 /* VC_Level7_8.swift */,
				0333B48B2129B29300E33F47 /* VC_Level9_10.swift */,
				0333B48D2129B2A500E33F47 /* VC_Level11_12.swift */,
				03EE68B42125C8CF00555845 /* LaunchScreen.storyboard */,
				03EE68B72125C8CF00555845 /* Info.plist */,
			);
			path = Emoji;
			sourceTree = "<group>";
		};
/* End PBXGroup section */

/* Begin PBXNativeTarget section */
		03EE68A72125C8CD00555845 /* Emoji */ = {
			isa = PBXNativeTarget;
			buildConfigurationList = 03EE68BA2125C8CF00555845 /* Build configuration list for PBXNativeTarget "Emoji" */;
			buildPhases = (
				03EE68A42125C8CD00555845 /* Sources */,
				03EE68A52125C8CD00555845 /* Frameworks */,
				03EE68A62125C8CD00555845 /* Resources */,
			);
			buildRules = (
			);
			dependencies = (
			);
			name = Emoji;
			productName = Emoji;
			productReference = 03EE68A82125C8CD00555845 /* Emoji.app */;
			productType = "com.apple.product-type.application";
		};
/* End PBXNativeTarget section */

/* Begin PBXProject section */
		03EE68A02125C8CD00555845 /* Project object */ = {
			isa = PBXProject;
			attributes = {
				LastSwiftUpdateCheck = 0940;
				LastUpgradeCheck = 0940;
				ORGANIZATIONNAME = "Erdem Arslan";
				TargetAttributes = {
					03EE68A72125C8CD00555845 = {
						CreatedOnToolsVersion = 9.4.1;
					};
				};
			};
			buildConfigurationList = 03EE68A32125C8CD00555845 /* Build configuration list for PBXProject "Emoji" */;
			compatibilityVersion = "Xcode 9.3";
			developmentRegion = en;
			hasScannedForEncodings = 0;
			knownRegions = (
				en,
				Base,
			);
			mainGroup = 03EE689F2125C8CD00555845;
			productRefGroup = 03EE68A92125C8CD00555845 /* Products */;
			projectDirPath = "";
			projectRoot = "";
			targets = (
				03EE68A72125C8CD00555845 /* Emoji */,
			);
		};
/* End PBXProject section */

/* Begin PBXResourcesBuildPhase section */
		03EE68A62125C8CD00555845 /* Resources */ = {
			isa = PBXResourcesBuildPhase;
			buildActionMask = 2147483647;
			files = (
				03EE68B62125C8CF00555845 /* LaunchScreen.storyboard in Resources */,
				03EE68B32125C8CF00555845 /* Assets.xcassets in Resources */,
				03EE68B12125C8CD00555845 /* Main.storyboard in Resources */,
			);
			runOnlyForDeploymentPostprocessing = 0;
		};
/* End PBXResourcesBuildPhase section */

/* Begin PBXSourcesBuildPhase section */
		03EE68A42125C8CD00555845 /* Sources */ = {
			isa = PBXSourcesBuildPhase;
			buildActionMask = 2147483647;
			files = (
				0333B48E2129B2A500E33F47 /* VC_Level11_12.swift in Sources */,
				03DBB2BE2127196200EF23EB /* VC_PreGame.swift in Sources */,
				03EE68AE2125C8CD00555845 /* ViewController.swift in Sources */,
				0333B4802129A60800E33F47 /* VC_Level1.swift in Sources */,
				0318388C212B6082001B630A /* VC_EndGame.swift in Sources */,
				03EE68AC2125C8CD00555845 /* AppDelegate.swift in Sources */,
				0333B4822129B1E100E33F47 /* VC_Level2.swift in Sources */,
				0333B48A2129B28200E33F47 /* VC_Level7_8.swift in Sources */,
				0333B4842129B1F300E33F47 /* VC_Level3.swift in Sources */,
				03E3CFF72128C9E700D16C54 /* Emoji.xcdatamodeld in Sources */,
				0333B4862129B20600E33F47 /* VC_Level4.swift in Sources */,
				0333B4882129B26800E33F47 /* VC_Level5_6.swift in Sources */,
				0333B48C2129B29300E33F47 /* VC_Level9_10.swift in Sources */,
				03FD08B521265DA000ABE6B2 /* VC_About.swift in Sources */,
			);
			runOnlyForDeploymentPostprocessing = 0;
		};
/* End PBXSourcesBuildPhase section */

/* Begin PBXVariantGroup section */
		03EE68AF2125C8CD00555845 /* Main.storyboard */ = {
			isa = PBXVariantGroup;
			children = (
				03EE68B02125C8CD00555845 /* Base */,
			);
			name = Main.storyboard;
			sourceTree = "<group>";
		};
		03EE68B42125C8CF00555845 /* LaunchScreen.storyboard */ = {
			isa = PBXVariantGroup;
			children = (
				03EE68B52125C8CF00555845 /* Base */,
			);
			name = LaunchScreen.storyboard;
			sourceTree = "<group>";
		};
/* End PBXVariantGroup section */

/* Begin XCBuildConfiguration section */
		03EE68B82125C8CF00555845 /* Debug */ = {
			isa = XCBuildConfiguration;
			buildSettings = {
				ALWAYS_SEARCH_USER_PATHS = NO;
				CLANG_ANALYZER_NONNULL = YES;
				CLANG_ANALYZER_NUMBER_OBJECT_CONVERSION = YES_AGGRESSIVE;
				CLANG_CXX_LANGUAGE_STANDARD = "gnu++14";
				CLANG_CXX_LIBRARY = "libc++";
				CLANG_ENABLE_MODULES = YES;
				CLANG_ENABLE_OBJC_ARC = YES;
				CLANG_ENABLE_OBJC_WEAK = YES;
				CLANG_WARN_BLOCK_CAPTURE_AUTORELEASING = YES;
				CLANG_WARN_BOOL_CONVERSION = YES;
				CLANG_WARN_COMMA = YES;
				CLANG_WARN_CONSTANT_CONVERSION = YES;
				CLANG_WARN_DEPRECATED_OBJC_IMPLEMENTATIONS = YES;
				CLANG_WARN_DIRECT_OBJC_ISA_USAGE = YES_ERROR;
				CLANG_WARN_DOCUMENTATION_COMMENTS = YES;
				CLANG_WARN_EMPTY_BODY = YES;
				CLANG_WARN_ENUM_CONVERSION = YES;
				CLANG_WARN_INFINITE_RECURSION = YES;
				CLANG_WARN_INT_CONVERSION = YES;
				CLANG_WARN_NON_LITERAL_NULL_CONVERSION = YES;
				CLANG_WARN_OBJC_IMPLICIT_RETAIN_SELF = YES;
				CLANG_WARN_OBJC_LITERAL_CONVERSION = YES;
				CLANG_WARN_OBJC_ROOT_CLASS = YES_ERROR;
				CLANG_WARN_RANGE_LOOP_ANALYSIS = YES;
				CLANG_WARN_STRICT_PROTOTYPES = YES;
				CLANG_WARN_SUSPICIOUS_MOVE = YES;
				CLANG_WARN_UNGUARDED_AVAILABILITY = YES_AGGRESSIVE;
				CLANG_WARN_UNREACHABLE_CODE = YES;
				CLANG_WARN__DUPLICATE_METHOD_MATCH = YES;
				CODE_SIGN_IDENTITY = "iPhone Developer";
				COPY_PHASE_STRIP = NO;
				DEBUG_INFORMATION_FORMAT = dwarf;
				ENABLE_STRICT_OBJC_MSGSEND = YES;
				ENABLE_TESTABILITY = YES;
				GCC_C_LANGUAGE_STANDARD = gnu11;
				GCC_DYNAMIC_NO_PIC = NO;
				GCC_NO_COMMON_BLOCKS = YES;
				GCC_OPTIMIZATION_LEVEL = 0;
				GCC_PREPROCESSOR_DEFINITIONS = (
					"DEBUG=1",
					"$(inherited)",
				);
				GCC_WARN_64_TO_32_BIT_CONVERSION = YES;
				GCC_WARN_ABOUT_RETURN_TYPE = YES_ERROR;
				GCC_WARN_UNDECLARED_SELECTOR = YES;
				GCC_WARN_UNINITIALIZED_AUTOS = YES_AGGRESSIVE;
				GCC_WARN_UNUSED_FUNCTION = YES;
				GCC_WARN_UNUSED_VARIABLE = YES;
				IPHONEOS_DEPLOYMENT_TARGET = 11.4;
				MTL_ENABLE_DEBUG_INFO = YES;
				ONLY_ACTIVE_ARCH = YES;
				SDKROOT = iphoneos;
				SWIFT_ACTIVE_COMPILATION_CONDITIONS = DEBUG;
				SWIFT_OPTIMIZATION_LEVEL = "-Onone";
			};
			name = Debug;
		};
		03EE68B92125C8CF00555845 /* Release */ = {
			isa = XCBuildConfiguration;
			buildSettings = {
				ALWAYS_SEARCH_USER_PATHS = NO;
				CLANG_ANALYZER_NONNULL = YES;
				CLANG_ANALYZER_NUMBER_OBJECT_CONVERSION = YES_AGGRESSIVE;
				CLANG_CXX_LANGUAGE_STANDARD = "gnu++14";
				CLANG_CXX_LIBRARY = "libc++";
				CLANG_ENABLE_MODULES = YES;
				CLANG_ENABLE_OBJC_ARC = YES;
				CLANG_ENABLE_OBJC_WEAK = YES;
				CLANG_WARN_BLOCK_CAPTURE_AUTORELEASING = YES;
				CLANG_WARN_BOOL_CONVERSION = YES;
				CLANG_WARN_COMMA = YES;
				CLANG_WARN_CONSTANT_CONVERSION = YES;
				CLANG_WARN_DEPRECATED_OBJC_IMPLEMENTATIONS = YES;
				CLANG_WARN_DIRECT_OBJC_ISA_USAGE = YES_ERROR;
				CLANG_WARN_DOCUMENTATION_COMMENTS = YES;
				CLANG_WARN_EMPTY_BODY = YES;
				CLANG_WARN_ENUM_CONVERSION = YES;
				CLANG_WARN_INFINITE_RECURSION = YES;
				CLANG_WARN_INT_CONVERSION = YES;
				CLANG_WARN_NON_LITERAL_NULL_CONVERSION = YES;
				CLANG_WARN_OBJC_IMPLICIT_RETAIN_SELF = YES;
				CLANG_WARN_OBJC_LITERAL_CONVERSION = YES;
				CLANG_WARN_OBJC_ROOT_CLASS = YES_ERROR;
				CLANG_WARN_RANGE_LOOP_ANALYSIS = YES;
				CLANG_WARN_STRICT_PROTOTYPES = YES;
				CLANG_WARN_SUSPICIOUS_MOVE = YES;
				CLANG_WARN_UNGUARDED_AVAILABILITY = YES_AGGRESSIVE;
				CLANG_WARN_UNREACHABLE_CODE = YES;
				CLANG_WARN__DUPLICATE_METHOD_MATCH = YES;
				CODE_SIGN_IDENTITY = "iPhone Developer";
				COPY_PHASE_STRIP = NO;
				DEBUG_INFORMATION_FORMAT = "dwarf-with-dsym";
				ENABLE_NS_ASSERTIONS = NO;
				ENABLE_STRICT_OBJC_MSGSEND = YES;
				GCC_C_LANGUAGE_STANDARD = gnu11;
				GCC_NO_COMMON_BLOCKS = YES;
				GCC_WARN_64_TO_32_BIT_CONVERSION = YES;
				GCC_WARN_ABOUT_RETURN_TYPE = YES_ERROR;
				GCC_WARN_UNDECLARED_SELECTOR = YES;
				GCC_WARN_UNINITIALIZED_AUTOS = YES_AGGRESSIVE;
				GCC_WARN_UNUSED_FUNCTION = YES;
				GCC_WARN_UNUSED_VARIABLE = YES;
				IPHONEOS_DEPLOYMENT_TARGET = 11.4;
				MTL_ENABLE_DEBUG_INFO = NO;
				SDKROOT = iphoneos;
				SWIFT_COMPILATION_MODE = wholemodule;
				SWIFT_OPTIMIZATION_LEVEL = "-O";
				VALIDATE_PRODUCT = YES;
			};
			name = Release;
		};
		03EE68BB2125C8CF00555845 /* Debug */ = {
			isa = XCBuildConfiguration;
			buildSettings = {
				ASSETCATALOG_COMPILER_APPICON_NAME = AppIcon;
				CODE_SIGN_STYLE = Automatic;
				DEVELOPMENT_TEAM = 739TY973M8;
				INFOPLIST_FILE = Emoji/Info.plist;
				IPHONEOS_DEPLOYMENT_TARGET = 10.0;
				LD_RUNPATH_SEARCH_PATHS = (
					"$(inherited)",
					"@executable_path/Frameworks",
				);
				PRODUCT_BUNDLE_IDENTIFIER = com.erdemarslan.Emoji;
				PRODUCT_NAME = "$(TARGET_NAME)";
				SWIFT_VERSION = 4.0;
				TARGETED_DEVICE_FAMILY = "1,2";
			};
			name = Debug;
		};
		03EE68BC2125C8CF00555845 /* Release */ = {
			isa = XCBuildConfiguration;
			buildSettings = {
				ASSETCATALOG_COMPILER_APPICON_NAME = AppIcon;
				CODE_SIGN_STYLE = Automatic;
				DEVELOPMENT_TEAM = 739TY973M8;
				INFOPLIST_FILE = Emoji/Info.plist;
				IPHONEOS_DEPLOYMENT_TARGET = 10.0;
				LD_RUNPATH_SEARCH_PATHS = (
					"$(inherited)",
					"@executable_path/Frameworks",
				);
				PRODUCT_BUNDLE_IDENTIFIER = com.erdemarslan.Emoji;
				PRODUCT_NAME = "$(TARGET_NAME)";
				SWIFT_VERSION = 4.0;
				TARGETED_DEVICE_FAMILY = "1,2";
			};
			name = Release;
		};
/* End XCBuildConfiguration section */

/* Begin XCConfigurationList section */
		03EE68A32125C8CD00555845 /* Build configuration list for PBXProject "Emoji" */ = {
			isa = XCConfigurationList;
			buildConfigurations = (
				03EE68B82125C8CF00555845 /* Debug */,
				03EE68B92125C8CF00555845 /* Release */,
			);
			defaultConfigurationIsVisible = 0;
			defaultConfigurationName = Release;
		};
		03EE68BA2125C8CF00555845 /* Build configuration list for PBXNativeTarget "Emoji" */ = {
			isa = XCConfigurationList;
			buildConfigurations = (
				03EE68BB2125C8CF00555845 /* Debug */,
				03EE68BC2125C8CF00555845 /* Release */,
			);
			defaultConfigurationIsVisible = 0;
			defaultConfigurationName = Release;
		};
/* End XCConfigurationList section */

/* Begin XCVersionGroup section */
		03E3CFF52128C9E700D16C54 /* Emoji.xcdatamodeld */ = {
			isa = XCVersionGroup;
			children = (
				03E3CFF62128C9E700D16C54 /* Emoji.xcdatamodel */,
			);
			currentVersion = 03E3CFF62128C9E700D16C54 /* Emoji.xcdatamodel */;
			path = Emoji.xcdatamodeld;
			sourceTree = "<group>";
			versionGroupType = wrapper.xcdatamodel;
		};
/* End XCVersionGroup section */
	};
	rootObject = 03EE68A02125C8CD00555845 /* Project object */;
}
